
Microsoft Visual Studio Solution File, Format Version 12.00
# Visual Studio 15
VisualStudioVersion = 15.0.27004.2009
MinimumVisualStudioVersion = 10.0.40219.1
Project("{FAE04EC0-301F-11D3-BF4B-00C04F79EFBC}") = "ConsoleApp1", "ConsoleApp1\ConsoleApp1.csproj", "{A8929F3E-BFB4-4FBE-AA70-ABBE4155363F}"
EndProject
Global
	GlobalSection(SolutionConfigurationPlatforms) = preSolution
		Debug|Any CPU = Debug|Any CPU
		Release|Any CPU = Release|Any CPU
	EndGlobalSection
	GlobalSection(ProjectConfigurationPlatforms) = postSolution
		{A8929F3E-BFB4-4FBE-AA70-ABBE4155363F}.Debug|Any CPU.ActiveCfg = Debug|Any CPU
		{A8929F3E-BFB4-4FBE-AA70-ABBE4155363F}.Debug|Any CPU.Build.0 = Debug|Any CPU
		{A8929F3E-BFB4-4FBE-AA70-ABBE4155363F}.Release|Any CPU.ActiveCfg = Release|Any CPU
		{A8929F3E-BFB4-4FBE-AA70-ABBE4155363F}.Release|Any CPU.Build.0 = Release|Any CPU
	EndGlobalSection
	GlobalSection(SolutionProperties) = preSolution
		HideSolutionNode = FALSE
	EndGlobalSection
	GlobalSection(ExtensibilityGlobals) = postSolution
		SolutionGuid = {662A15B1-A993-462A-8534-417DA177E4C0}
	EndGlobalSection
EndGlobal
